<?xml version="1.0" encoding="utf-8"?>
<Project ToolsVersion="4.0" xmlns="http://schemas.microsoft.com/developer/msbuild/2003">
  <ItemGroup>
    <Filter Include="Исходные файлы">
      <UniqueIdentifier>{4FC737F1-C7A5-4376-A066-2A32D752A2FF}</UniqueIdentifier>
      <Extensions>cpp;c;cc;cxx;c++;cppm;ixx;def;odl;idl;hpj;bat;asm;asmx</Extensions>
    </Filter>
    <Filter Include="Файлы заголовков">
      <UniqueIdentifier>{93995380-89BD-4b04-88EB-625FBE52EBFB}</UniqueIdentifier>
      <Extensions>h;hh;hpp;hxx;h++;hm;inl;inc;ipp;xsd</Extensions>
    </Filter>
    <Filter Include="Файлы ресурсов">
      <UniqueIdentifier>{67DA6AB6-F800-4c08-8B7A-83BB121AAD01}</UniqueIdentifier>
      <Extensions>rc;ico;cur;bmp;dlg;rc2;rct;bin;rgs;gif;jpg;jpeg;jpe;resx;tiff;tif;png;wav;mfcribbon-ms</Extensions>
    </Filter>
  </ItemGroup>
  <ItemGroup>
    <ClInclude Include="function\include\basicfunction.h">
      <Filter>Файлы заголовков</Filter>
    </ClInclude>
    <ClInclude Include="memory\include\functions.h">
      <Filter>Файлы заголовков</Filter>
    </ClInclude>
    <ClInclude Include="memory\include\external_interaction.h">
      <Filter>Файлы заголовков</Filter>
    </ClInclude>
    <ClInclude Include="target_architecture.h">
      <Filter>Файлы заголовков</Filter>
    </ClInclude>
    <ClInclude Include="stream\include\stream.h">
      <Filter>Файлы заголовков</Filter>
    </ClInclude>
    <ClInclude Include="deletable_obj.h">
      <Filter>Файлы заголовков</Filter>
    </ClInclude>
    <ClInclude Include="token_data.h">
      <Filter>Файлы заголовков</Filter>
    </ClInclude>
    <ClInclude Include="data\include\values.h">
      <Filter>Файлы заголовков</Filter>
    </ClInclude>
    <ClInclude Include="data\include\errorvalues.h">
      <Filter>Файлы заголовков</Filter>
    </ClInclude>
    <ClInclude Include="module\include\export_requirement.h">
      <Filter>Файлы заголовков</Filter>
    </ClInclude>
    <ClInclude Include="module\include\typedesc.h">
      <Filter>Файлы заголовков</Filter>
    </ClInclude>
    <ClInclude Include="module\include\module.h">
      <Filter>Файлы заголовков</Filter>
    </ClInclude>
    <ClInclude Include="utils\include\utils_vector.h">
      <Filter>Файлы заголовков</Filter>
    </ClInclude>
    <ClInclude Include="utils\include\exec_time.h">
      <Filter>Файлы заголовков</Filter>
    </ClInclude>
    <ClInclude Include="function\include\functioncaller.h">
      <Filter>Файлы заголовков</Filter>
    </ClInclude>
    <ClInclude Include="function\include\function.h">
      <Filter>Файлы заголовков</Filter>
    </ClInclude>
    <ClInclude Include="function\include\typedfunction.h">
      <Filter>Файлы заголовков</Filter>
    </ClInclude>
    <ClInclude Include="function\include\subtypedfunction.h">
      <Filter>Файлы заголовков</Filter>
    </ClInclude>
    <ClInclude Include="function\include\muxfunction.h">
      <Filter>Файлы заголовков</Filter>
    </ClInclude>
    <ClInclude Include="function\include\unreliablefunction.h">
      <Filter>Файлы заголовков</Filter>
    </ClInclude>
    <ClInclude Include="function\include\triggeredfunction.h">
      <Filter>Файлы заголовков</Filter>
    </ClInclude>
    <ClInclude Include="function\include\cyclefunction.h">
      <Filter>Файлы заголовков</Filter>
    </ClInclude>
    <ClInclude Include="stream\include\absolutestreamrights.h">
      <Filter>Файлы заголовков</Filter>
    </ClInclude>
    <ClInclude Include="data\include\value.h">
      <Filter>Файлы заголовков</Filter>
    </ClInclude>
    <ClInclude Include="data\include\varvalue.h">
      <Filter>Файлы заголовков</Filter>
    </ClInclude>
    <ClInclude Include="data\include\constvalue.h">
      <Filter>Файлы заголовков</Filter>
    </ClInclude>
    <ClInclude Include="module\include\module_version.h">
      <Filter>Файлы заголовков</Filter>
    </ClInclude>
    <ClInclude Include="module\include\module_requirement.h">
      <Filter>Файлы заголовков</Filter>
    </ClInclude>
    <ClInclude Include="module\module_defines.h">
      <Filter>Файлы заголовков</Filter>
    </ClInclude>
    <ClInclude Include="module\include\desc_type.h">
      <Filter>Файлы заголовков</Filter>
    </ClInclude>
    <ClInclude Include="module\include\export_data.h">
      <Filter>Файлы заголовков</Filter>
    </ClInclude>
  </ItemGroup>
  <ItemGroup>
    <ClCompile Include="function\source\basicfunction.cpp">
      <Filter>Исходные файлы</Filter>
    </ClCompile>
    <ClCompile Include="memory\source\functions.cpp">
      <Filter>Исходные файлы</Filter>
    </ClCompile>
    <ClCompile Include="memory\source\external_interaction.cpp">
      <Filter>Исходные файлы</Filter>
    </ClCompile>
    <ClCompile Include="stream\source\stream.cpp">
      <Filter>Исходные файлы</Filter>
    </ClCompile>
    <ClCompile Include="data\source\errorvalues.cpp">
      <Filter>Исходные файлы</Filter>
    </ClCompile>
    <ClCompile Include="module\source\export_requirement.cpp">
      <Filter>Исходные файлы</Filter>
    </ClCompile>
    <ClCompile Include="module\source\typedesc.cpp">
      <Filter>Исходные файлы</Filter>
    </ClCompile>
    <ClCompile Include="module\source\module.cpp">
      <Filter>Исходные файлы</Filter>
    </ClCompile>
    <ClCompile Include="function\source\function.cpp">
      <Filter>Исходные файлы</Filter>
    </ClCompile>
    <ClCompile Include="function\source\cyclefunction.cpp">
      <Filter>Исходные файлы</Filter>
    </ClCompile>
    <ClCompile Include="function\source\muxfunction.cpp">
      <Filter>Исходные файлы</Filter>
    </ClCompile>
    <ClCompile Include="function\source\subtypedfunction.cpp">
      <Filter>Исходные файлы</Filter>
    </ClCompile>
    <ClCompile Include="function\source\triggeredfunction.cpp">
      <Filter>Исходные файлы</Filter>
    </ClCompile>
    <ClCompile Include="function\source\typedfunction.cpp">
      <Filter>Исходные файлы</Filter>
    </ClCompile>
    <ClCompile Include="function\source\unreliablefunction.cpp">
      <Filter>Исходные файлы</Filter>
    </ClCompile>
    <ClCompile Include="stream\source\absolutestreamrights.cpp">
      <Filter>Исходные файлы</Filter>
    </ClCompile>
    <ClCompile Include="data\source\value.cpp">
      <Filter>Исходные файлы</Filter>
    </ClCompile>
    <ClCompile Include="data\source\varvalue.cpp">
      <Filter>Исходные файлы</Filter>
    </ClCompile>
    <ClCompile Include="data\source\constvalue.cpp">
      <Filter>Исходные файлы</Filter>
    </ClCompile>
    <ClCompile Include="module\source\module_requirement.cpp">
      <Filter>Исходные файлы</Filter>
    </ClCompile>
  </ItemGroup>
</Project>