
Microsoft Visual Studio Solution File, Format Version 12.00
# Visual Studio Version 17
VisualStudioVersion = 17.2.32630.192
MinimumVisualStudioVersion = 10.0.40219.1
Project("{8BC9CEB8-8B4A-11D0-8D11-00A0C91BC942}") = "DynamicTokenEngine", "DynamicTokenEngine\DynamicTokenEngine.vcxproj", "{AE015229-707B-4C0D-9045-54E82BABA896}"
	ProjectSection(ProjectDependencies) = postProject
		{27C78B09-828C-417B-B8F3-3EE8ED628C09} = {27C78B09-828C-417B-B8F3-3EE8ED628C09}
	EndProjectSection
EndProject
Project("{8BC9CEB8-8B4A-11D0-8D11-00A0C91BC942}") = "TokenOperator", "TokenOperator\TokenOperator.vcxproj", "{27C78B09-828C-417B-B8F3-3EE8ED628C09}"
EndProject
Global
	GlobalSection(SolutionConfigurationPlatforms) = preSolution
		Debug|Win32 = Debug|Win32
		Debug|x64 = Debug|x64
		Release|Win32 = Release|Win32
		Release|x64 = Release|x64
	EndGlobalSection
	GlobalSection(ProjectConfigurationPlatforms) = postSolution
		{AE015229-707B-4C0D-9045-54E82BABA896}.Debug|Win32.ActiveCfg = Debug|Win32
		{AE015229-707B-4C0D-9045-54E82BABA896}.Debug|Win32.Build.0 = Debug|Win32
		{AE015229-707B-4C0D-9045-54E82BABA896}.Debug|x64.ActiveCfg = Debug|x64
		{AE015229-707B-4C0D-9045-54E82BABA896}.Debug|x64.Build.0 = Debug|x64
		{AE015229-707B-4C0D-9045-54E82BABA896}.Release|Win32.ActiveCfg = Release|Win32
		{AE015229-707B-4C0D-9045-54E82BABA896}.Release|Win32.Build.0 = Release|Win32
		{AE015229-707B-4C0D-9045-54E82BABA896}.Release|x64.ActiveCfg = Release|x64
		{AE015229-707B-4C0D-9045-54E82BABA896}.Release|x64.Build.0 = Release|x64
		{27C78B09-828C-417B-B8F3-3EE8ED628C09}.Debug|Win32.ActiveCfg = Debug|Win32
		{27C78B09-828C-417B-B8F3-3EE8ED628C09}.Debug|Win32.Build.0 = Debug|Win32
		{27C78B09-828C-417B-B8F3-3EE8ED628C09}.Debug|x64.ActiveCfg = Debug|x64
		{27C78B09-828C-417B-B8F3-3EE8ED628C09}.Debug|x64.Build.0 = Debug|x64
		{27C78B09-828C-417B-B8F3-3EE8ED628C09}.Release|Win32.ActiveCfg = Release|Win32
		{27C78B09-828C-417B-B8F3-3EE8ED628C09}.Release|Win32.Build.0 = Release|Win32
		{27C78B09-828C-417B-B8F3-3EE8ED628C09}.Release|x64.ActiveCfg = Release|x64
		{27C78B09-828C-417B-B8F3-3EE8ED628C09}.Release|x64.Build.0 = Release|x64
	EndGlobalSection
	GlobalSection(SolutionProperties) = preSolution
		HideSolutionNode = FALSE
	EndGlobalSection
	GlobalSection(ExtensibilityGlobals) = postSolution
		SolutionGuid = {9CFE5F64-A96A-41CD-BA7C-B534755C955B}
	EndGlobalSection
EndGlobal
